
Microsoft Visual Studio Solution File, Format Version 12.00
# Visual Studio Version 17
VisualStudioVersion = 17.0.32112.339
MinimumVisualStudioVersion = 10.0.40219.1
Project("{9A19103F-16F7-4668-BE54-9A1E7A4F7556}") = "Voting.Host", "VotingWebAPI\Voting.Host.csproj", "{FF76F1DD-65C3-460A-9BCC-AF8B28BCB7A0}"
EndProject
Project("{9A19103F-16F7-4668-BE54-9A1E7A4F7556}") = "Voting.DTO", "Voting.DTO\Voting.DTO.csproj", "{9590C3BA-3F19-4995-AD2E-32BBDA119E35}"
EndProject
Project("{9A19103F-16F7-4668-BE54-9A1E7A4F7556}") = "Voting.Logic", "Voting.Logic\Voting.Logic.csproj", "{38D9A58D-EE6F-4F52-8886-7717708A967A}"
EndProject
Project("{9A19103F-16F7-4668-BE54-9A1E7A4F7556}") = "Voting.DB", "Voting.DB\Voting.DB.csproj", "{C5E01028-2E01-403C-A6D2-612093B5AC75}"
EndProject
Project("{2150E333-8FDC-42A3-9474-1A3956D46DE8}") = "10 Common", "10 Common", "{711DB939-9EE6-4CBA-A195-EDC1EC9AC2C0}"
EndProject
Project("{2150E333-8FDC-42A3-9474-1A3956D46DE8}") = "20 DTO", "20 DTO", "{D921041D-F4C1-466D-9F9D-1A79B3C36558}"
EndProject
Project("{2150E333-8FDC-42A3-9474-1A3956D46DE8}") = "30 DataAccess", "30 DataAccess", "{77C3E598-6D7E-43B8-9172-47001834771D}"
EndProject
Project("{2150E333-8FDC-42A3-9474-1A3956D46DE8}") = "40 Logic", "40 Logic", "{248EDC34-8EE0-4099-96C8-02FCC644B38A}"
EndProject
Project("{2150E333-8FDC-42A3-9474-1A3956D46DE8}") = "50 Service", "50 Service", "{39980EBC-ACC4-4ECC-8020-ABFDF4CB893E}"
EndProject
Project("{2150E333-8FDC-42A3-9474-1A3956D46DE8}") = "60 Host", "60 Host", "{E1551B26-3BFF-4F1B-8B63-34EF764BACBF}"
EndProject
Project("{9A19103F-16F7-4668-BE54-9A1E7A4F7556}") = "Voting.Controllers", "Voting.Service\Voting.Controllers.csproj", "{36E5210E-FF43-49B3-8BE2-2C9B9101CD64}"
EndProject
Project("{9A19103F-16F7-4668-BE54-9A1E7A4F7556}") = "Voting.Common", "Voting.Common\Voting.Common.csproj", "{703322FD-1124-4935-A6DB-BD8ECA28266C}"
EndProject
Global
	GlobalSection(SolutionConfigurationPlatforms) = preSolution
		Debug|Any CPU = Debug|Any CPU
		Release|Any CPU = Release|Any CPU
	EndGlobalSection
	GlobalSection(ProjectConfigurationPlatforms) = postSolution
		{FF76F1DD-65C3-460A-9BCC-AF8B28BCB7A0}.Debug|Any CPU.ActiveCfg = Debug|Any CPU
		{FF76F1DD-65C3-460A-9BCC-AF8B28BCB7A0}.Debug|Any CPU.Build.0 = Debug|Any CPU
		{FF76F1DD-65C3-460A-9BCC-AF8B28BCB7A0}.Release|Any CPU.ActiveCfg = Release|Any CPU
		{FF76F1DD-65C3-460A-9BCC-AF8B28BCB7A0}.Release|Any CPU.Build.0 = Release|Any CPU
		{9590C3BA-3F19-4995-AD2E-32BBDA119E35}.Debug|Any CPU.ActiveCfg = Debug|Any CPU
		{9590C3BA-3F19-4995-AD2E-32BBDA119E35}.Debug|Any CPU.Build.0 = Debug|Any CPU
		{9590C3BA-3F19-4995-AD2E-32BBDA119E35}.Release|Any CPU.ActiveCfg = Release|Any CPU
		{9590C3BA-3F19-4995-AD2E-32BBDA119E35}.Release|Any CPU.Build.0 = Release|Any CPU
		{38D9A58D-EE6F-4F52-8886-7717708A967A}.Debug|Any CPU.ActiveCfg = Debug|Any CPU
		{38D9A58D-EE6F-4F52-8886-7717708A967A}.Debug|Any CPU.Build.0 = Debug|Any CPU
		{38D9A58D-EE6F-4F52-8886-7717708A967A}.Release|Any CPU.ActiveCfg = Release|Any CPU
		{38D9A58D-EE6F-4F52-8886-7717708A967A}.Release|Any CPU.Build.0 = Release|Any CPU
		{C5E01028-2E01-403C-A6D2-612093B5AC75}.Debug|Any CPU.ActiveCfg = Debug|Any CPU
		{C5E01028-2E01-403C-A6D2-612093B5AC75}.Debug|Any CPU.Build.0 = Debug|Any CPU
		{C5E01028-2E01-403C-A6D2-612093B5AC75}.Release|Any CPU.ActiveCfg = Release|Any CPU
		{C5E01028-2E01-403C-A6D2-612093B5AC75}.Release|Any CPU.Build.0 = Release|Any CPU
		{36E5210E-FF43-49B3-8BE2-2C9B9101CD64}.Debug|Any CPU.ActiveCfg = Debug|Any CPU
		{36E5210E-FF43-49B3-8BE2-2C9B9101CD64}.Debug|Any CPU.Build.0 = Debug|Any CPU
		{36E5210E-FF43-49B3-8BE2-2C9B9101CD64}.Release|Any CPU.ActiveCfg = Release|Any CPU
		{36E5210E-FF43-49B3-8BE2-2C9B9101CD64}.Release|Any CPU.Build.0 = Release|Any CPU
		{703322FD-1124-4935-A6DB-BD8ECA28266C}.Debug|Any CPU.ActiveCfg = Debug|Any CPU
		{703322FD-1124-4935-A6DB-BD8ECA28266C}.Debug|Any CPU.Build.0 = Debug|Any CPU
		{703322FD-1124-4935-A6DB-BD8ECA28266C}.Release|Any CPU.ActiveCfg = Release|Any CPU
		{703322FD-1124-4935-A6DB-BD8ECA28266C}.Release|Any CPU.Build.0 = Release|Any CPU
	EndGlobalSection
	GlobalSection(SolutionProperties) = preSolution
		HideSolutionNode = FALSE
	EndGlobalSection
	GlobalSection(NestedProjects) = preSolution
		{FF76F1DD-65C3-460A-9BCC-AF8B28BCB7A0} = {E1551B26-3BFF-4F1B-8B63-34EF764BACBF}
		{9590C3BA-3F19-4995-AD2E-32BBDA119E35} = {D921041D-F4C1-466D-9F9D-1A79B3C36558}
		{38D9A58D-EE6F-4F52-8886-7717708A967A} = {248EDC34-8EE0-4099-96C8-02FCC644B38A}
		{C5E01028-2E01-403C-A6D2-612093B5AC75} = {77C3E598-6D7E-43B8-9172-47001834771D}
		{36E5210E-FF43-49B3-8BE2-2C9B9101CD64} = {39980EBC-ACC4-4ECC-8020-ABFDF4CB893E}
		{703322FD-1124-4935-A6DB-BD8ECA28266C} = {711DB939-9EE6-4CBA-A195-EDC1EC9AC2C0}
	EndGlobalSection
	GlobalSection(ExtensibilityGlobals) = postSolution
		SolutionGuid = {FE401645-3720-4E2C-98A3-B380EFCC4D6D}
	EndGlobalSection
EndGlobal
